
Microsoft Visual Studio Solution File, Format Version 12.00
# Visual Studio Version 17
VisualStudioVersion = 17.7.34202.233
MinimumVisualStudioVersion = 10.0.40219.1
Project("{8BC9CEB8-8B4A-11D0-8D11-00A0C91BC942}") = "Работа 29 (Рубцов Юра)", "Работа 29 (Рубцов Юра)\Работа 29 (Рубцов Юра).vcxproj", "{84570B9C-EEAB-4147-AC58-8009B4F8AB63}"
EndProject
Global
	GlobalSection(SolutionConfigurationPlatforms) = preSolution
		Debug|x64 = Debug|x64
		Debug|x86 = Debug|x86
		Release|x64 = Release|x64
		Release|x86 = Release|x86
	EndGlobalSection
	GlobalSection(ProjectConfigurationPlatforms) = postSolution
		{84570B9C-EEAB-4147-AC58-8009B4F8AB63}.Debug|x64.ActiveCfg = Debug|x64
		{84570B9C-EEAB-4147-AC58-8009B4F8AB63}.Debug|x64.Build.0 = Debug|x64
		{84570B9C-EEAB-4147-AC58-8009B4F8AB63}.Debug|x86.ActiveCfg = Debug|Win32
		{84570B9C-EEAB-4147-AC58-8009B4F8AB63}.Debug|x86.Build.0 = Debug|Win32
		{84570B9C-EEAB-4147-AC58-8009B4F8AB63}.Release|x64.ActiveCfg = Release|x64
		{84570B9C-EEAB-4147-AC58-8009B4F8AB63}.Release|x64.Build.0 = Release|x64
		{84570B9C-EEAB-4147-AC58-8009B4F8AB63}.Release|x86.ActiveCfg = Release|Win32
		{84570B9C-EEAB-4147-AC58-8009B4F8AB63}.Release|x86.Build.0 = Release|Win32
	EndGlobalSection
	GlobalSection(SolutionProperties) = preSolution
		HideSolutionNode = FALSE
	EndGlobalSection
	GlobalSection(ExtensibilityGlobals) = postSolution
		SolutionGuid = {1E990F3B-E7E0-484F-9965-C57CCE76B717}
	EndGlobalSection
EndGlobal
